
Microsoft Visual Studio Solution File, Format Version 12.00
# Visual Studio Version 17
VisualStudioVersion = 17.1.32210.238
MinimumVisualStudioVersion = 10.0.40219.1
Project("{FAE04EC0-301F-11D3-BF4B-00C04F79EFBC}") = "Construtores Encapsulamento Sobrecarga EXERCICIO", "Construtores Encapsulamento Sobrecarga EXERCICIO\Construtores Encapsulamento Sobrecarga EXERCICIO.csproj", "{83507591-C055-4922-8F8B-72ED39F46E5E}"
EndProject
Global
	GlobalSection(SolutionConfigurationPlatforms) = preSolution
		Debug|Any CPU = Debug|Any CPU
		Release|Any CPU = Release|Any CPU
	EndGlobalSection
	GlobalSection(ProjectConfigurationPlatforms) = postSolution
		{83507591-C055-4922-8F8B-72ED39F46E5E}.Debug|Any CPU.ActiveCfg = Debug|Any CPU
		{83507591-C055-4922-8F8B-72ED39F46E5E}.Debug|Any CPU.Build.0 = Debug|Any CPU
		{83507591-C055-4922-8F8B-72ED39F46E5E}.Release|Any CPU.ActiveCfg = Release|Any CPU
		{83507591-C055-4922-8F8B-72ED39F46E5E}.Release|Any CPU.Build.0 = Release|Any CPU
	EndGlobalSection
	GlobalSection(SolutionProperties) = preSolution
		HideSolutionNode = FALSE
	EndGlobalSection
	GlobalSection(ExtensibilityGlobals) = postSolution
		SolutionGuid = {B0C73057-66C1-4B86-A1E9-E951263BDEE9}
	EndGlobalSection
EndGlobal
